{
  "version": 4,
  "terraform_version": "1.15.8",
  "serial": 1,
  "lineage": "7de5edd9-a459-ea9d-f42d-997ffa900a76",
  "outputs": {
    "config_file_path": {
      "value": "./env_config.txt",
      "type": "string"
    }
  },
  "resources": [
    {
      "mode": "managed",
      "type": "local_file",
      "name": "environment_config",
      "provider": "provider[\"registry.terraform.io/hashicorp/local\"]",
      "instances": [
        {
          "schema_version": 0,
          "attributes": {
            "content": "ENVIRONMENT=development\nSERVICE_NAME=cloud-telemetry-pipeline\n",
            "content_base64": null,
            "content_base64sha256": "JY5S3tM6YJdY3+QeT/aBeMxEqWwXWBQMTSTWP4Uxqc8=",
            "content_base64sha512": "sTEjaGYVHowwdDboDQbmhO2amplaTvuz1GFM8AhpAO0fuCU/Wckgnhfm1pHmSz/lset3boP9Ecjx/EInYziMHg==",
            "content_md5": "400381192fb47d889972f491773d93e3",
            "content_sha1": "31d1dfe1b9b2f3a83600fa3b84850e0d8be35130",
            "content_sha256": "258e52ded33a609758dfe41e4ff68178cc44a96c1758140c4d24d63f8531a9cf",
            "content_sha512": "b131236866151e8c307436e80d06e684ed9a9a995a4efbb3d4614cf0086900ed1fb8253f59c9209e17e6d691e64b3fe5b1eb776e83fd11c8f1fc422763388c1e",
            "directory_permission": "0777",
            "file_permission": "0777",
            "filename": "./env_config.txt",
            "id": "31d1dfe1b9b2f3a83600fa3b84850e0d8be35130",
            "sensitive_content": null,
            "source": null
          },
          "sensitive_attributes": [
            [
              {
                "type": "get_attr",
                "value": "sensitive_content"
              }
            ]
          ],
          "identity_schema_version": 0
        }
      ]
    }
  ],
  "check_results": null
}
